
Microsoft Visual Studio Solution File, Format Version 12.00
# Visual Studio Version 17
VisualStudioVersion = 17.14.36301.6 d17.14
MinimumVisualStudioVersion = 10.0.40219.1
Project("{FAE04EC0-301F-11D3-BF4B-00C04F79EFBC}") = "QLBanHang_10_8_api", "QLBanHang_10_8_api\QLBanHang_10_8_api.csproj", "{A8BF32A3-5AEC-4A10-8114-9B9A28C22E60}"
EndProject
Global
	GlobalSection(SolutionConfigurationPlatforms) = preSolution
		Debug|Any CPU = Debug|Any CPU
		Release|Any CPU = Release|Any CPU
	EndGlobalSection
	GlobalSection(ProjectConfigurationPlatforms) = postSolution
		{A8BF32A3-5AEC-4A10-8114-9B9A28C22E60}.Debug|Any CPU.ActiveCfg = Debug|Any CPU
		{A8BF32A3-5AEC-4A10-8114-9B9A28C22E60}.Debug|Any CPU.Build.0 = Debug|Any CPU
		{A8BF32A3-5AEC-4A10-8114-9B9A28C22E60}.Release|Any CPU.ActiveCfg = Release|Any CPU
		{A8BF32A3-5AEC-4A10-8114-9B9A28C22E60}.Release|Any CPU.Build.0 = Release|Any CPU
	EndGlobalSection
	GlobalSection(SolutionProperties) = preSolution
		HideSolutionNode = FALSE
	EndGlobalSection
	GlobalSection(ExtensibilityGlobals) = postSolution
		SolutionGuid = {BDE4EBAE-A5B1-4D5A-BE7A-D9F6536B30C1}
	EndGlobalSection
EndGlobal
