
Microsoft Visual Studio Solution File, Format Version 12.00
# Visual Studio Version 17
VisualStudioVersion = 17.14.36301.6 d17.14
MinimumVisualStudioVersion = 10.0.40219.1
Project("{FAE04EC0-301F-11D3-BF4B-00C04F79EFBC}") = "KTTX2_1_8", "KTTX2_1_8\KTTX2_1_8.csproj", "{C892B05B-0B26-4E28-AF93-4C5E66A06E48}"
EndProject
Global
	GlobalSection(SolutionConfigurationPlatforms) = preSolution
		Debug|Any CPU = Debug|Any CPU
		Release|Any CPU = Release|Any CPU
	EndGlobalSection
	GlobalSection(ProjectConfigurationPlatforms) = postSolution
		{C892B05B-0B26-4E28-AF93-4C5E66A06E48}.Debug|Any CPU.ActiveCfg = Debug|Any CPU
		{C892B05B-0B26-4E28-AF93-4C5E66A06E48}.Debug|Any CPU.Build.0 = Debug|Any CPU
		{C892B05B-0B26-4E28-AF93-4C5E66A06E48}.Release|Any CPU.ActiveCfg = Release|Any CPU
		{C892B05B-0B26-4E28-AF93-4C5E66A06E48}.Release|Any CPU.Build.0 = Release|Any CPU
	EndGlobalSection
	GlobalSection(SolutionProperties) = preSolution
		HideSolutionNode = FALSE
	EndGlobalSection
	GlobalSection(ExtensibilityGlobals) = postSolution
		SolutionGuid = {04BEB4D3-7111-4BB5-B288-4E35DDE4C80B}
	EndGlobalSection
EndGlobal
