
Microsoft Visual Studio Solution File, Format Version 12.00
# Visual Studio Version 17
VisualStudioVersion = 17.14.36203.30 d17.14
MinimumVisualStudioVersion = 10.0.40219.1
Project("{FAE04EC0-301F-11D3-BF4B-00C04F79EFBC}") = "Bai5_1", "Bai5_1\Bai5_1.csproj", "{3767A478-77C3-403E-9858-C6B33A31D7D3}"
EndProject
Global
	GlobalSection(SolutionConfigurationPlatforms) = preSolution
		Debug|Any CPU = Debug|Any CPU
		Release|Any CPU = Release|Any CPU
	EndGlobalSection
	GlobalSection(ProjectConfigurationPlatforms) = postSolution
		{3767A478-77C3-403E-9858-C6B33A31D7D3}.Debug|Any CPU.ActiveCfg = Debug|Any CPU
		{3767A478-77C3-403E-9858-C6B33A31D7D3}.Debug|Any CPU.Build.0 = Debug|Any CPU
		{3767A478-77C3-403E-9858-C6B33A31D7D3}.Release|Any CPU.ActiveCfg = Release|Any CPU
		{3767A478-77C3-403E-9858-C6B33A31D7D3}.Release|Any CPU.Build.0 = Release|Any CPU
	EndGlobalSection
	GlobalSection(SolutionProperties) = preSolution
		HideSolutionNode = FALSE
	EndGlobalSection
	GlobalSection(ExtensibilityGlobals) = postSolution
		SolutionGuid = {2B9AF7C2-B97C-4ED0-BCA6-2D99CA85C1F8}
	EndGlobalSection
EndGlobal
