
Microsoft Visual Studio Solution File, Format Version 12.00
# Visual Studio Version 17
VisualStudioVersion = 17.14.36301.6 d17.14
MinimumVisualStudioVersion = 10.0.40219.1
Project("{FAE04EC0-301F-11D3-BF4B-00C04F79EFBC}") = "Bai9_3", "Bai9_3\Bai9_3.csproj", "{9F56289F-ADE5-4695-95E9-0B20D85C7881}"
EndProject
Global
	GlobalSection(SolutionConfigurationPlatforms) = preSolution
		Debug|Any CPU = Debug|Any CPU
		Release|Any CPU = Release|Any CPU
	EndGlobalSection
	GlobalSection(ProjectConfigurationPlatforms) = postSolution
		{9F56289F-ADE5-4695-95E9-0B20D85C7881}.Debug|Any CPU.ActiveCfg = Debug|Any CPU
		{9F56289F-ADE5-4695-95E9-0B20D85C7881}.Debug|Any CPU.Build.0 = Debug|Any CPU
		{9F56289F-ADE5-4695-95E9-0B20D85C7881}.Release|Any CPU.ActiveCfg = Release|Any CPU
		{9F56289F-ADE5-4695-95E9-0B20D85C7881}.Release|Any CPU.Build.0 = Release|Any CPU
	EndGlobalSection
	GlobalSection(SolutionProperties) = preSolution
		HideSolutionNode = FALSE
	EndGlobalSection
	GlobalSection(ExtensibilityGlobals) = postSolution
		SolutionGuid = {70FDC850-49A4-4974-BB1F-CD13FB420872}
	EndGlobalSection
EndGlobal
