
Microsoft Visual Studio Solution File, Format Version 12.00
# Visual Studio Version 17
VisualStudioVersion = 17.14.36301.6 d17.14
MinimumVisualStudioVersion = 10.0.40219.1
Project("{FAE04EC0-301F-11D3-BF4B-00C04F79EFBC}") = "KTTX2_28_7", "KTTX2_28_7\KTTX2_28_7.csproj", "{7C979E2A-A547-4803-8157-5A7D7D6F49B7}"
EndProject
Global
	GlobalSection(SolutionConfigurationPlatforms) = preSolution
		Debug|Any CPU = Debug|Any CPU
		Release|Any CPU = Release|Any CPU
	EndGlobalSection
	GlobalSection(ProjectConfigurationPlatforms) = postSolution
		{7C979E2A-A547-4803-8157-5A7D7D6F49B7}.Debug|Any CPU.ActiveCfg = Debug|Any CPU
		{7C979E2A-A547-4803-8157-5A7D7D6F49B7}.Debug|Any CPU.Build.0 = Debug|Any CPU
		{7C979E2A-A547-4803-8157-5A7D7D6F49B7}.Release|Any CPU.ActiveCfg = Release|Any CPU
		{7C979E2A-A547-4803-8157-5A7D7D6F49B7}.Release|Any CPU.Build.0 = Release|Any CPU
	EndGlobalSection
	GlobalSection(SolutionProperties) = preSolution
		HideSolutionNode = FALSE
	EndGlobalSection
	GlobalSection(ExtensibilityGlobals) = postSolution
		SolutionGuid = {FA726C74-0725-49FB-918C-3265A15BD9E2}
	EndGlobalSection
EndGlobal
