
Microsoft Visual Studio Solution File, Format Version 12.00
# Visual Studio Version 17
VisualStudioVersion = 17.14.36301.6 d17.14
MinimumVisualStudioVersion = 10.0.40219.1
Project("{FAE04EC0-301F-11D3-BF4B-00C04F79EFBC}") = "QLHocSinh_restful_10_8", "QLHocSinh_restful_10_8\QLHocSinh_restful_10_8.csproj", "{11E228BE-E9EC-4B4C-8BCB-485D4CC65A7A}"
EndProject
Global
	GlobalSection(SolutionConfigurationPlatforms) = preSolution
		Debug|Any CPU = Debug|Any CPU
		Release|Any CPU = Release|Any CPU
	EndGlobalSection
	GlobalSection(ProjectConfigurationPlatforms) = postSolution
		{11E228BE-E9EC-4B4C-8BCB-485D4CC65A7A}.Debug|Any CPU.ActiveCfg = Debug|Any CPU
		{11E228BE-E9EC-4B4C-8BCB-485D4CC65A7A}.Debug|Any CPU.Build.0 = Debug|Any CPU
		{11E228BE-E9EC-4B4C-8BCB-485D4CC65A7A}.Release|Any CPU.ActiveCfg = Release|Any CPU
		{11E228BE-E9EC-4B4C-8BCB-485D4CC65A7A}.Release|Any CPU.Build.0 = Release|Any CPU
	EndGlobalSection
	GlobalSection(SolutionProperties) = preSolution
		HideSolutionNode = FALSE
	EndGlobalSection
	GlobalSection(ExtensibilityGlobals) = postSolution
		SolutionGuid = {B89E3719-075C-476E-9F17-48DFA768976D}
	EndGlobalSection
EndGlobal
