
Microsoft Visual Studio Solution File, Format Version 12.00
# Visual Studio Version 17
VisualStudioVersion = 17.14.36301.6 d17.14
MinimumVisualStudioVersion = 10.0.40219.1
Project("{FAE04EC0-301F-11D3-BF4B-00C04F79EFBC}") = "THRestful_2_8", "THRestful_2_8\THRestful_2_8.csproj", "{B7324CD8-465F-47B9-A046-C293548E5461}"
EndProject
Global
	GlobalSection(SolutionConfigurationPlatforms) = preSolution
		Debug|Any CPU = Debug|Any CPU
		Release|Any CPU = Release|Any CPU
	EndGlobalSection
	GlobalSection(ProjectConfigurationPlatforms) = postSolution
		{B7324CD8-465F-47B9-A046-C293548E5461}.Debug|Any CPU.ActiveCfg = Debug|Any CPU
		{B7324CD8-465F-47B9-A046-C293548E5461}.Debug|Any CPU.Build.0 = Debug|Any CPU
		{B7324CD8-465F-47B9-A046-C293548E5461}.Release|Any CPU.ActiveCfg = Release|Any CPU
		{B7324CD8-465F-47B9-A046-C293548E5461}.Release|Any CPU.Build.0 = Release|Any CPU
	EndGlobalSection
	GlobalSection(SolutionProperties) = preSolution
		HideSolutionNode = FALSE
	EndGlobalSection
	GlobalSection(ExtensibilityGlobals) = postSolution
		SolutionGuid = {05E1792F-24C9-4BF4-BB03-D4AE226FA80D}
	EndGlobalSection
EndGlobal
