
Microsoft Visual Studio Solution File, Format Version 12.00
# Visual Studio Version 17
VisualStudioVersion = 17.14.36408.4 d17.14
MinimumVisualStudioVersion = 10.0.40219.1
Project("{FAE04EC0-301F-11D3-BF4B-00C04F79EFBC}") = "Interface", "Interface\Interface.csproj", "{40AD9EFE-2D34-46C5-BBDE-209370ABA08B}"
EndProject
Global
	GlobalSection(SolutionConfigurationPlatforms) = preSolution
		Debug|Any CPU = Debug|Any CPU
		Release|Any CPU = Release|Any CPU
	EndGlobalSection
	GlobalSection(ProjectConfigurationPlatforms) = postSolution
		{40AD9EFE-2D34-46C5-BBDE-209370ABA08B}.Debug|Any CPU.ActiveCfg = Debug|Any CPU
		{40AD9EFE-2D34-46C5-BBDE-209370ABA08B}.Debug|Any CPU.Build.0 = Debug|Any CPU
		{40AD9EFE-2D34-46C5-BBDE-209370ABA08B}.Release|Any CPU.ActiveCfg = Release|Any CPU
		{40AD9EFE-2D34-46C5-BBDE-209370ABA08B}.Release|Any CPU.Build.0 = Release|Any CPU
	EndGlobalSection
	GlobalSection(SolutionProperties) = preSolution
		HideSolutionNode = FALSE
	EndGlobalSection
	GlobalSection(ExtensibilityGlobals) = postSolution
		SolutionGuid = {DD97E3BF-76C4-4257-948B-7E8192E226E9}
	EndGlobalSection
EndGlobal
