
Microsoft Visual Studio Solution File, Format Version 12.00
# Visual Studio Version 17
VisualStudioVersion = 17.14.36301.6 d17.14
MinimumVisualStudioVersion = 10.0.40219.1
Project("{FAE04EC0-301F-11D3-BF4B-00C04F79EFBC}") = "ThucHanhRestful_9_8", "ThucHanhRestful_9_8\ThucHanhRestful_9_8.csproj", "{8247A248-F6B5-45A5-A9D0-C62380A3EB73}"
EndProject
Global
	GlobalSection(SolutionConfigurationPlatforms) = preSolution
		Debug|Any CPU = Debug|Any CPU
		Release|Any CPU = Release|Any CPU
	EndGlobalSection
	GlobalSection(ProjectConfigurationPlatforms) = postSolution
		{8247A248-F6B5-45A5-A9D0-C62380A3EB73}.Debug|Any CPU.ActiveCfg = Debug|Any CPU
		{8247A248-F6B5-45A5-A9D0-C62380A3EB73}.Debug|Any CPU.Build.0 = Debug|Any CPU
		{8247A248-F6B5-45A5-A9D0-C62380A3EB73}.Release|Any CPU.ActiveCfg = Release|Any CPU
		{8247A248-F6B5-45A5-A9D0-C62380A3EB73}.Release|Any CPU.Build.0 = Release|Any CPU
	EndGlobalSection
	GlobalSection(SolutionProperties) = preSolution
		HideSolutionNode = FALSE
	EndGlobalSection
	GlobalSection(ExtensibilityGlobals) = postSolution
		SolutionGuid = {6B69AA4F-8E86-432B-82A7-B5D2ABB8769C}
	EndGlobalSection
EndGlobal
