
Microsoft Visual Studio Solution File, Format Version 12.00
# Visual Studio Version 17
VisualStudioVersion = 17.14.36203.30 d17.14
MinimumVisualStudioVersion = 10.0.40219.1
Project("{FAE04EC0-301F-11D3-BF4B-00C04F79EFBC}") = "Bai4_1", "Bai4_1\Bai4_1.csproj", "{EC391934-A497-4406-9627-7D30992BDD00}"
EndProject
Global
	GlobalSection(SolutionConfigurationPlatforms) = preSolution
		Debug|Any CPU = Debug|Any CPU
		Release|Any CPU = Release|Any CPU
	EndGlobalSection
	GlobalSection(ProjectConfigurationPlatforms) = postSolution
		{EC391934-A497-4406-9627-7D30992BDD00}.Debug|Any CPU.ActiveCfg = Debug|Any CPU
		{EC391934-A497-4406-9627-7D30992BDD00}.Debug|Any CPU.Build.0 = Debug|Any CPU
		{EC391934-A497-4406-9627-7D30992BDD00}.Release|Any CPU.ActiveCfg = Release|Any CPU
		{EC391934-A497-4406-9627-7D30992BDD00}.Release|Any CPU.Build.0 = Release|Any CPU
	EndGlobalSection
	GlobalSection(SolutionProperties) = preSolution
		HideSolutionNode = FALSE
	EndGlobalSection
	GlobalSection(ExtensibilityGlobals) = postSolution
		SolutionGuid = {85EE0CD4-68A0-4F88-87E1-132735527C0B}
	EndGlobalSection
EndGlobal
