
Microsoft Visual Studio Solution File, Format Version 12.00
# Visual Studio Version 17
VisualStudioVersion = 17.14.36301.6 d17.14
MinimumVisualStudioVersion = 10.0.40219.1
Project("{FAE04EC0-301F-11D3-BF4B-00C04F79EFBC}") = "LeDucHuy_2022600377_call", "LeDucHuy_2022600377_call\LeDucHuy_2022600377_call.csproj", "{BFFF9E8E-EE3D-4DE1-8A03-0778B4494D4F}"
EndProject
Global
	GlobalSection(SolutionConfigurationPlatforms) = preSolution
		Debug|Any CPU = Debug|Any CPU
		Release|Any CPU = Release|Any CPU
	EndGlobalSection
	GlobalSection(ProjectConfigurationPlatforms) = postSolution
		{BFFF9E8E-EE3D-4DE1-8A03-0778B4494D4F}.Debug|Any CPU.ActiveCfg = Debug|Any CPU
		{BFFF9E8E-EE3D-4DE1-8A03-0778B4494D4F}.Debug|Any CPU.Build.0 = Debug|Any CPU
		{BFFF9E8E-EE3D-4DE1-8A03-0778B4494D4F}.Release|Any CPU.ActiveCfg = Release|Any CPU
		{BFFF9E8E-EE3D-4DE1-8A03-0778B4494D4F}.Release|Any CPU.Build.0 = Release|Any CPU
	EndGlobalSection
	GlobalSection(SolutionProperties) = preSolution
		HideSolutionNode = FALSE
	EndGlobalSection
	GlobalSection(ExtensibilityGlobals) = postSolution
		SolutionGuid = {9763AA93-22EA-456E-AB48-6AB8681CCD76}
	EndGlobalSection
EndGlobal
